// !$*UTF8*$!
{
	archiveVersion = 1;
	classes = {
	};
	objectVersion = 50;
	objects = {

/* Begin PBXBuildFile section */
		2608D4F3225528DF00D43E28 /* AppDelegate.swift in Sources */ = {isa = PBXBuildFile; fileRef = 2608D4F2225528DF00D43E28 /* AppDelegate.swift */; };
		2608D4F5225528DF00D43E28 /* ViewController.swift in Sources */ = {isa = PBXBuildFile; fileRef = 2608D4F4225528DF00D43E28 /* ViewController.swift */; };
		2608D4F8225528DF00D43E28 /* Main.storyboard in Resources */ = {isa = PBXBuildFile; fileRef = 2608D4F6225528DF00D43E28 /* Main.storyboard */; };
		2608D4FA225528E000D43E28 /* Assets.xcassets in Resources */ = {isa = PBXBuildFile; fileRef = 2608D4F9225528E000D43E28 /* Assets.xcassets */; };
		2608D4FD225528E000D43E28 /* LaunchScreen.storyboard in Resources */ = {isa = PBXBuildFile; fileRef = 2608D4FB225528E000D43E28 /* LaunchScreen.storyboard */; };
		2608D508225528E000D43E28 /* githubprojectTests.swift in Sources */ = {isa = PBXBuildFile; fileRef = 2608D507225528E000D43E28 /* githubprojectTests.swift */; };
		2608D513225528E000D43E28 /* githubprojectUITests.swift in Sources */ = {isa = PBXBuildFile; fileRef = 2608D512225528E000D43E28 /* githubprojectUITests.swift */; };
/* End PBXBuildFile section */

/* Begin PBXContainerItemProxy section */
		2608D504225528E000D43E28 /* PBXContainerItemProxy */ = {
			isa = PBXContainerItemProxy;
			containerPortal = 2608D4E7225528DF00D43E28 /* Project object */;
			proxyType = 1;
			remoteGlobalIDString = 2608D4EE225528DF00D43E28;
			remoteInfo = githubproject;
		};
		2608D50F225528E000D43E28 /* PBXContainerItemProxy */ = {
			isa = PBXContainerItemProxy;
			containerPortal = 2608D4E7225528DF00D43E28 /* Project object */;
			proxyType = 1;
			remoteGlobalIDString = 2608D4EE225528DF00D43E28;
			remoteInfo = githubproject;
		};
/* End PBXContainerItemProxy section */

/* Begin PBXFileReference section */
		2608D4EF225528DF00D43E28 /* githubproject.app */ = {isa = PBXFileReference; explicitFileType = wrapper.application; includeInIndex = 0; path = githubproject.app; sourceTree = BUILT_PRODUCTS_DIR; };
		2608D4F2225528DF00D43E28 /* AppDelegate.swift */ = {isa = PBXFileReference; lastKnownFileType = sourcecode.swift; path = AppDelegate.swift; sourceTree = "<group>"; };
		2608D4F4225528DF00D43E28 /* ViewController.swift */ = {isa = PBXFileReference; lastKnownFileType = sourcecode.swift; path = ViewController.swift; sourceTree = "<group>"; };
		2608D4F7225528DF00D43E28 /* Base */ = {isa = PBXFileReference; lastKnownFileType = file.storyboard; name = Base; path = Base.lproj/Main.storyboard; sourceTree = "<group>"; };
		2608D4F9225528E000D43E28 /* Assets.xcassets */ = {isa = PBXFileReference; lastKnownFileType = folder.assetcatalog; path = Assets.xcassets; sourceTree = "<group>"; };
		2608D4FC225528E000D43E28 /* Base */ = {isa = PBXFileReference; lastKnownFileType = file.storyboard; name = Base; path = Base.lproj/LaunchScreen.storyboard; sourceTree = "<group>"; };
		2608D4FE225528E000D43E28 /* Info.plist */ = {isa = PBXFileReference; lastKnownFileType = text.plist.xml; path = Info.plist; sourceTree = "<group>"; };
		2608D503225528E000D43E28 /* githubprojectTests.xctest */ = {isa = PBXFileReference; explicitFileType = wrapper.cfbundle; includeInIndex = 0; path = githubprojectTests.xctest; sourceTree = BUILT_PRODUCTS_DIR; };
		2608D507225528E000D43E28 /* githubprojectTests.swift */ = {isa = PBXFileReference; lastKnownFileType = sourcecode.swift; path = githubprojectTests.swift; sourceTree = "<group>"; };
		2608D509225528E000D43E28 /* Info.plist */ = {isa = PBXFileReference; lastKnownFileType = text.plist.xml; path = Info.plist; sourceTree = "<group>"; };
		2608D50E225528E000D43E28 /* githubprojectUITests.xctest */ = {isa = PBXFileReference; explicitFileType = wrapper.cfbundle; includeInIndex = 0; path = githubprojectUITests.xctest; sourceTree = BUILT_PRODUCTS_DIR; };
		2608D512225528E000D43E28 /* githubprojectUITests.swift */ = {isa = PBXFileReference; lastKnownFileType = sourcecode.swift; path = githubprojectUITests.swift; sourceTree = "<group>"; };
		2608D514225528E000D43E28 /* Info.plist */ = {isa = PBXFileReference; lastKnownFileType = text.plist.xml; path = Info.plist; sourceTree = "<group>"; };
/* End PBXFileReference section */

/* Begin PBXFrameworksBuildPhase section */
		2608D4EC225528DF00D43E28 /* Frameworks */ = {
			isa = PBXFrameworksBuildPhase;
			buildActionMask = 2147483647;
			files = (
			);
			runOnlyForDeploymentPostprocessing = 0;
		};
		2608D500225528E000D43E28 /* Frameworks */ = {
			isa = PBXFrameworksBuildPhase;
			buildActionMask = 2147483647;
			files = (
			);
			runOnlyForDeploymentPostprocessing = 0;
		};
		2608D50B225528E000D43E28 /* Frameworks */ = {
			isa = PBXFrameworksBuildPhase;
			buildActionMask = 2147483647;
			files = (
			);
			runOnlyForDeploymentPostprocessing = 0;
		};
/* End PBXFrameworksBuildPhase section */

/* Begin PBXGroup section */
		2608D4E6225528DF00D43E28 = {
			isa = PBXGroup;
			children = (
				2608D4F1225528DF00D43E28 /* githubproject */,
				2608D506225528E000D43E28 /* githubprojectTests */,
				2608D511225528E000D43E28 /* githubprojectUITests */,
				2608D4F0225528DF00D43E28 /* Products */,
			);
			sourceTree = "<group>";
		};
		2608D4F0225528DF00D43E28 /* Products */ = {
			isa = PBXGroup;
			children = (
				2608D4EF225528DF00D43E28 /* githubproject.app */,
				2608D503225528E000D43E28 /* githubprojectTests.xctest */,
				2608D50E225528E000D43E28 /* githubprojectUITests.xctest */,
			);
			name = Products;
			sourceTree = "<group>";
		};
		2608D4F1225528DF00D43E28 /* githubproject */ = {
			isa = PBXGroup;
			children = (
				2608D4F2225528DF00D43E28 /* AppDelegate.swift */,
				2608D4F4225528DF00D43E28 /* ViewController.swift */,
				2608D4F6225528DF00D43E28 /* Main.storyboard */,
				2608D4F9225528E000D43E28 /* Assets.xcassets */,
				2608D4FB225528E000D43E28 /* LaunchScreen.storyboard */,
				2608D4FE225528E000D43E28 /* Info.plist */,
			);
			path = githubproject;
			sourceTree = "<group>";
		};
		2608D506225528E000D43E28 /* githubprojectTests */ = {
			isa = PBXGroup;
			children = (
				2608D507225528E000D43E28 /* githubprojectTests.swift */,
				2608D509225528E000D43E28 /* Info.plist */,
			);
			path = githubprojectTests;
			sourceTree = "<group>";
		};
		2608D511225528E000D43E28 /* githubprojectUITests */ = {
			isa = PBXGroup;
			children = (
				2608D512225528E000D43E28 /* githubprojectUITests.swift */,
				2608D514225528E000D43E28 /* Info.plist */,
			);
			path = githubprojectUITests;
			sourceTree = "<group>";
		};
/* End PBXGroup section */

/* Begin PBXNativeTarget section */
		2608D4EE225528DF00D43E28 /* githubproject */ = {
			isa = PBXNativeTarget;
			buildConfigurationList = 2608D517225528E000D43E28 /* Build configuration list for PBXNativeTarget "githubproject" */;
			buildPhases = (
				2608D4EB225528DF00D43E28 /* Sources */,
				2608D4EC225528DF00D43E28 /* Frameworks */,
				2608D4ED225528DF00D43E28 /* Resources */,
			);
			buildRules = (
			);
			dependencies = (
			);
			name = githubproject;
			productName = githubproject;
			productReference = 2608D4EF225528DF00D43E28 /* githubproject.app */;
			productType = "com.apple.product-type.application";
		};
		2608D502225528E000D43E28 /* githubprojectTests */ = {
			isa = PBXNativeTarget;
			buildConfigurationList = 2608D51A225528E000D43E28 /* Build configuration list for PBXNativeTarget "githubprojectTests" */;
			buildPhases = (
				2608D4FF225528E000D43E28 /* Sources */,
				2608D500225528E000D43E28 /* Frameworks */,
				2608D501225528E000D43E28 /* Resources */,
			);
			buildRules = (
			);
			dependencies = (
				2608D505225528E000D43E28 /* PBXTargetDependency */,
			);
			name = githubprojectTests;
			productName = githubprojectTests;
			productReference = 2608D503225528E000D43E28 /* githubprojectTests.xctest */;
			productType = "com.apple.product-type.bundle.unit-test";
		};
		2608D50D225528E000D43E28 /* githubprojectUITests */ = {
			isa = PBXNativeTarget;
			buildConfigurationList = 2608D51D225528E000D43E28 /* Build configuration list for PBXNativeTarget "githubprojectUITests" */;
			buildPhases = (
				2608D50A225528E000D43E28 /* Sources */,
				2608D50B225528E000D43E28 /* Frameworks */,
				2608D50C225528E000D43E28 /* Resources */,
			);
			buildRules = (
			);
			dependencies = (
				2608D510225528E000D43E28 /* PBXTargetDependency */,
			);
			name = githubprojectUITests;
			productName = githubprojectUITests;
			productReference = 2608D50E225528E000D43E28 /* githubprojectUITests.xctest */;
			productType = "com.apple.product-type.bundle.ui-testing";
		};
/* End PBXNativeTarget section */

/* Begin PBXProject section */
		2608D4E7225528DF00D43E28 /* Project object */ = {
			isa = PBXProject;
			attributes = {
				LastSwiftUpdateCheck = 1010;
				LastUpgradeCheck = 1010;
				ORGANIZATIONNAME = "John Kosewic";
				TargetAttributes = {
					2608D4EE225528DF00D43E28 = {
						CreatedOnToolsVersion = 10.1;
					};
					2608D502225528E000D43E28 = {
						CreatedOnToolsVersion = 10.1;
						TestTargetID = 2608D4EE225528DF00D43E28;
					};
					2608D50D225528E000D43E28 = {
						CreatedOnToolsVersion = 10.1;
						TestTargetID = 2608D4EE225528DF00D43E28;
					};
				};
			};
			buildConfigurationList = 2608D4EA225528DF00D43E28 /* Build configuration list for PBXProject "githubproject" */;
			compatibilityVersion = "Xcode 9.3";
			developmentRegion = en;
			hasScannedForEncodings = 0;
			knownRegions = (
				en,
				Base,
			);
			mainGroup = 2608D4E6225528DF00D43E28;
			productRefGroup = 2608D4F0225528DF00D43E28 /* Products */;
			projectDirPath = "";
			projectRoot = "";
			targets = (
				2608D4EE225528DF00D43E28 /* githubproject */,
				2608D502225528E000D43E28 /* githubprojectTests */,
				2608D50D225528E000D43E28 /* githubprojectUITests */,
			);
		};
/* End PBXProject section */

/* Begin PBXResourcesBuildPhase section */
		2608D4ED225528DF00D43E28 /* Resources */ = {
			isa = PBXResourcesBuildPhase;
			buildActionMask = 2147483647;
			files = (
				2608D4FD225528E000D43E28 /* LaunchScreen.storyboard in Resources */,
				2608D4FA225528E000D43E28 /* Assets.xcassets in Resources */,
				2608D4F8225528DF00D43E28 /* Main.storyboard in Resources */,
			);
			runOnlyForDeploymentPostprocessing = 0;
		};
		2608D501225528E000D43E28 /* Resources */ = {
			isa = PBXResourcesBuildPhase;
			buildActionMask = 2147483647;
			files = (
			);
			runOnlyForDeploymentPostprocessing = 0;
		};
		2608D50C225528E000D43E28 /* Resources */ = {
			isa = PBXResourcesBuildPhase;
			buildActionMask = 2147483647;
			files = (
			);
			runOnlyForDeploymentPostprocessing = 0;
		};
/* End PBXResourcesBuildPhase section */

/* Begin PBXSourcesBuildPhase section */
		2608D4EB225528DF00D43E28 /* Sources */ = {
			isa = PBXSourcesBuildPhase;
			buildActionMask = 2147483647;
			files = (
				2608D4F5225528DF00D43E28 /* ViewController.swift in Sources */,
				2608D4F3225528DF00D43E28 /* AppDelegate.swift in Sources */,
			);
			runOnlyForDeploymentPostprocessing = 0;
		};
		2608D4FF225528E000D43E28 /* Sources */ = {
			isa = PBXSourcesBuildPhase;
			buildActionMask = 2147483647;
			files = (
				2608D508225528E000D43E28 /* githubprojectTests.swift in Sources */,
			);
			runOnlyForDeploymentPostprocessing = 0;
		};
		2608D50A225528E000D43E28 /* Sources */ = {
			isa = PBXSourcesBuildPhase;
			buildActionMask = 2147483647;
			files = (
				2608D513225528E000D43E28 /* githubprojectUITests.swift in Sources */,
			);
			runOnlyForDeploymentPostprocessing = 0;
		};
/* End PBXSourcesBuildPhase section */

/* Begin PBXTargetDependency section */
		2608D505225528E000D43E28 /* PBXTargetDependency */ = {
			isa = PBXTargetDependency;
			target = 2608D4EE225528DF00D43E28 /* githubproject */;
			targetProxy = 2608D504225528E000D43E28 /* PBXContainerItemProxy */;
		};
		2608D510225528E000D43E28 /* PBXTargetDependency */ = {
			isa = PBXTargetDependency;
			target = 2608D4EE225528DF00D43E28 /* githubproject */;
			targetProxy = 2608D50F225528E000D43E28 /* PBXContainerItemProxy */;
		};
/* End PBXTargetDependency section */

/* Begin PBXVariantGroup section */
		2608D4F6225528DF00D43E28 /* Main.storyboard */ = {
			isa = PBXVariantGroup;
			children = (
				2608D4F7225528DF00D43E28 /* Base */,
			);
			name = Main.storyboard;
			sourceTree = "<group>";
		};
		2608D4FB225528E000D43E28 /* LaunchScreen.storyboard */ = {
			isa = PBXVariantGroup;
			children = (
				2608D4FC225528E000D43E28 /* Base */,
			);
			name = LaunchScreen.storyboard;
			sourceTree = "<group>";
		};
/* End PBXVariantGroup section */

/* Begin XCBuildConfiguration section */
		2608D515225528E000D43E28 /* Debug */ = {
			isa = XCBuildConfiguration;
			buildSettings = {
				ALWAYS_SEARCH_USER_PATHS = NO;
				CLANG_ANALYZER_NONNULL = YES;
				CLANG_ANALYZER_NUMBER_OBJECT_CONVERSION = YES_AGGRESSIVE;
				CLANG_CXX_LANGUAGE_STANDARD = "gnu++14";
				CLANG_CXX_LIBRARY = "libc++";
				CLANG_ENABLE_MODULES = YES;
				CLANG_ENABLE_OBJC_ARC = YES;
				CLANG_ENABLE_OBJC_WEAK = YES;
				CLANG_WARN_BLOCK_CAPTURE_AUTORELEASING = YES;
				CLANG_WARN_BOOL_CONVERSION = YES;
				CLANG_WARN_COMMA = YES;
				CLANG_WARN_CONSTANT_CONVERSION = YES;
				CLANG_WARN_DEPRECATED_OBJC_IMPLEMENTATIONS = YES;
				CLANG_WARN_DIRECT_OBJC_ISA_USAGE = YES_ERROR;
				CLANG_WARN_DOCUMENTATION_COMMENTS = YES;
				CLANG_WARN_EMPTY_BODY = YES;
				CLANG_WARN_ENUM_CONVERSION = YES;
				CLANG_WARN_INFINITE_RECURSION = YES;
				CLANG_WARN_INT_CONVERSION = YES;
				CLANG_WARN_NON_LITERAL_NULL_CONVERSION = YES;
				CLANG_WARN_OBJC_IMPLICIT_RETAIN_SELF = YES;
				CLANG_WARN_OBJC_LITERAL_CONVERSION = YES;
				CLANG_WARN_OBJC_ROOT_CLASS = YES_ERROR;
				CLANG_WARN_RANGE_LOOP_ANALYSIS = YES;
				CLANG_WARN_STRICT_PROTOTYPES = YES;
				CLANG_WARN_SUSPICIOUS_MOVE = YES;
				CLANG_WARN_UNGUARDED_AVAILABILITY = YES_AGGRESSIVE;
				CLANG_WARN_UNREACHABLE_CODE = YES;
				CLANG_WARN__DUPLICATE_METHOD_MATCH = YES;
				CODE_SIGN_IDENTITY = "iPhone Developer";
				COPY_PHASE_STRIP = NO;
				DEBUG_INFORMATION_FORMAT = dwarf;
				ENABLE_STRICT_OBJC_MSGSEND = YES;
				ENABLE_TESTABILITY = YES;
				GCC_C_LANGUAGE_STANDARD = gnu11;
				GCC_DYNAMIC_NO_PIC = NO;
				GCC_NO_COMMON_BLOCKS = YES;
				GCC_OPTIMIZATION_LEVEL = 0;
				GCC_PREPROCESSOR_DEFINITIONS = (
					"DEBUG=1",
					"$(inherited)",
				);
				GCC_WARN_64_TO_32_BIT_CONVERSION = YES;
				GCC_WARN_ABOUT_RETURN_TYPE = YES_ERROR;
				GCC_WARN_UNDECLARED_SELECTOR = YES;
				GCC_WARN_UNINITIALIZED_AUTOS = YES_AGGRESSIVE;
				GCC_WARN_UNUSED_FUNCTION = YES;
				GCC_WARN_UNUSED_VARIABLE = YES;
				IPHONEOS_DEPLOYMENT_TARGET = 12.1;
				MTL_ENABLE_DEBUG_INFO = INCLUDE_SOURCE;
				MTL_FAST_MATH = YES;
				ONLY_ACTIVE_ARCH = YES;
				SDKROOT = iphoneos;
				SWIFT_ACTIVE_COMPILATION_CONDITIONS = DEBUG;
				SWIFT_OPTIMIZATION_LEVEL = "-Onone";
			};
			name = Debug;
		};
		2608D516225528E000D43E28 /* Release */ = {
			isa = XCBuildConfiguration;
			buildSettings = {
				ALWAYS_SEARCH_USER_PATHS = NO;
				CLANG_ANALYZER_NONNULL = YES;
				CLANG_ANALYZER_NUMBER_OBJECT_CONVERSION = YES_AGGRESSIVE;
				CLANG_CXX_LANGUAGE_STANDARD = "gnu++14";
				CLANG_CXX_LIBRARY = "libc++";
				CLANG_ENABLE_MODULES = YES;
				CLANG_ENABLE_OBJC_ARC = YES;
				CLANG_ENABLE_OBJC_WEAK = YES;
				CLANG_WARN_BLOCK_CAPTURE_AUTORELEASING = YES;
				CLANG_WARN_BOOL_CONVERSION = YES;
				CLANG_WARN_COMMA = YES;
				CLANG_WARN_CONSTANT_CONVERSION = YES;
				CLANG_WARN_DEPRECATED_OBJC_IMPLEMENTATIONS = YES;
				CLANG_WARN_DIRECT_OBJC_ISA_USAGE = YES_ERROR;
				CLANG_WARN_DOCUMENTATION_COMMENTS = YES;
				CLANG_WARN_EMPTY_BODY = YES;
				CLANG_WARN_ENUM_CONVERSION = YES;
				CLANG_WARN_INFINITE_RECURSION = YES;
				CLANG_WARN_INT_CONVERSION = YES;
				CLANG_WARN_NON_LITERAL_NULL_CONVERSION = YES;
				CLANG_WARN_OBJC_IMPLICIT_RETAIN_SELF = YES;
				CLANG_WARN_OBJC_LITERAL_CONVERSION = YES;
				CLANG_WARN_OBJC_ROOT_CLASS = YES_ERROR;
				CLANG_WARN_RANGE_LOOP_ANALYSIS = YES;
				CLANG_WARN_STRICT_PROTOTYPES = YES;
				CLANG_WARN_SUSPICIOUS_MOVE = YES;
				CLANG_WARN_UNGUARDED_AVAILABILITY = YES_AGGRESSIVE;
				CLANG_WARN_UNREACHABLE_CODE = YES;
				CLANG_WARN__DUPLICATE_METHOD_MATCH = YES;
				CODE_SIGN_IDENTITY = "iPhone Developer";
				COPY_PHASE_STRIP = NO;
				DEBUG_INFORMATION_FORMAT = "dwarf-with-dsym";
				ENABLE_NS_ASSERTIONS = NO;
				ENABLE_STRICT_OBJC_MSGSEND = YES;
				GCC_C_LANGUAGE_STANDARD = gnu11;
				GCC_NO_COMMON_BLOCKS = YES;
				GCC_WARN_64_TO_32_BIT_CONVERSION = YES;
				GCC_WARN_ABOUT_RETURN_TYPE = YES_ERROR;
				GCC_WARN_UNDECLARED_SELECTOR = YES;
				GCC_WARN_UNINITIALIZED_AUTOS = YES_AGGRESSIVE;
				GCC_WARN_UNUSED_FUNCTION = YES;
				GCC_WARN_UNUSED_VARIABLE = YES;
				IPHONEOS_DEPLOYMENT_TARGET = 12.1;
				MTL_ENABLE_DEBUG_INFO = NO;
				MTL_FAST_MATH = YES;
				SDKROOT = iphoneos;
				SWIFT_COMPILATION_MODE = wholemodule;
				SWIFT_OPTIMIZATION_LEVEL = "-O";
				VALIDATE_PRODUCT = YES;
			};
			name = Release;
		};
		2608D518225528E000D43E28 /* Debug */ = {
			isa = XCBuildConfiguration;
			buildSettings = {
				ASSETCATALOG_COMPILER_APPICON_NAME = AppIcon;
				CODE_SIGN_STYLE = Automatic;
				INFOPLIST_FILE = githubproject/Info.plist;
				LD_RUNPATH_SEARCH_PATHS = (
					"$(inherited)",
					"@executable_path/Frameworks",
				);
				PRODUCT_BUNDLE_IDENTIFIER = hents.githubproject;
				PRODUCT_NAME = "$(TARGET_NAME)";
				SWIFT_VERSION = 4.2;
				TARGETED_DEVICE_FAMILY = "1,2";
			};
			name = Debug;
		};
		2608D519225528E000D43E28 /* Release */ = {
			isa = XCBuildConfiguration;
			buildSettings = {
				ASSETCATALOG_COMPILER_APPICON_NAME = AppIcon;
				CODE_SIGN_STYLE = Automatic;
				INFOPLIST_FILE = githubproject/Info.plist;
				LD_RUNPATH_SEARCH_PATHS = (
					"$(inherited)",
					"@executable_path/Frameworks",
				);
				PRODUCT_BUNDLE_IDENTIFIER = hents.githubproject;
				PRODUCT_NAME = "$(TARGET_NAME)";
				SWIFT_VERSION = 4.2;
				TARGETED_DEVICE_FAMILY = "1,2";
			};
			name = Release;
		};
		2608D51B225528E000D43E28 /* Debug */ = {
			isa = XCBuildConfiguration;
			buildSettings = {
				ALWAYS_EMBED_SWIFT_STANDARD_LIBRARIES = YES;
				BUNDLE_LOADER = "$(TEST_HOST)";
				CODE_SIGN_STYLE = Automatic;
				INFOPLIST_FILE = githubprojectTests/Info.plist;
				LD_RUNPATH_SEARCH_PATHS = (
					"$(inherited)",
					"@executable_path/Frameworks",
					"@loader_path/Frameworks",
				);
				PRODUCT_BUNDLE_IDENTIFIER = hents.githubprojectTests;
				PRODUCT_NAME = "$(TARGET_NAME)";
				SWIFT_VERSION = 4.2;
				TARGETED_DEVICE_FAMILY = "1,2";
				TEST_HOST = "$(BUILT_PRODUCTS_DIR)/githubproject.app/githubproject";
			};
			name = Debug;
		};
		2608D51C225528E000D43E28 /* Release */ = {
			isa = XCBuildConfiguration;
			buildSettings = {
				ALWAYS_EMBED_SWIFT_STANDARD_LIBRARIES = YES;
				BUNDLE_LOADER = "$(TEST_HOST)";
				CODE_SIGN_STYLE = Automatic;
				INFOPLIST_FILE = githubprojectTests/Info.plist;
				LD_RUNPATH_SEARCH_PATHS = (
					"$(inherited)",
					"@executable_path/Frameworks",
					"@loader_path/Frameworks",
				);
				PRODUCT_BUNDLE_IDENTIFIER = hents.githubprojectTests;
				PRODUCT_NAME = "$(TARGET_NAME)";
				SWIFT_VERSION = 4.2;
				TARGETED_DEVICE_FAMILY = "1,2";
				TEST_HOST = "$(BUILT_PRODUCTS_DIR)/githubproject.app/githubproject";
			};
			name = Release;
		};
		2608D51E225528E000D43E28 /* Debug */ = {
			isa = XCBuildConfiguration;
			buildSettings = {
				ALWAYS_EMBED_SWIFT_STANDARD_LIBRARIES = YES;
				CODE_SIGN_STYLE = Automatic;
				INFOPLIST_FILE = githubprojectUITests/Info.plist;
				LD_RUNPATH_SEARCH_PATHS = (
					"$(inherited)",
					"@executable_path/Frameworks",
					"@loader_path/Frameworks",
				);
				PRODUCT_BUNDLE_IDENTIFIER = hents.githubprojectUITests;
				PRODUCT_NAME = "$(TARGET_NAME)";
				SWIFT_VERSION = 4.2;
				TARGETED_DEVICE_FAMILY = "1,2";
				TEST_TARGET_NAME = githubproject;
			};
			name = Debug;
		};
		2608D51F225528E000D43E28 /* Release */ = {
			isa = XCBuildConfiguration;
			buildSettings = {
				ALWAYS_EMBED_SWIFT_STANDARD_LIBRARIES = YES;
				CODE_SIGN_STYLE = Automatic;
				INFOPLIST_FILE = githubprojectUITests/Info.plist;
				LD_RUNPATH_SEARCH_PATHS = (
					"$(inherited)",
					"@executable_path/Frameworks",
					"@loader_path/Frameworks",
				);
				PRODUCT_BUNDLE_IDENTIFIER = hents.githubprojectUITests;
				PRODUCT_NAME = "$(TARGET_NAME)";
				SWIFT_VERSION = 4.2;
				TARGETED_DEVICE_FAMILY = "1,2";
				TEST_TARGET_NAME = githubproject;
			};
			name = Release;
		};
/* End XCBuildConfiguration section */

/* Begin XCConfigurationList section */
		2608D4EA225528DF00D43E28 /* Build configuration list for PBXProject "githubproject" */ = {
			isa = XCConfigurationList;
			buildConfigurations = (
				2608D515225528E000D43E28 /* Debug */,
				2608D516225528E000D43E28 /* Release */,
			);
			defaultConfigurationIsVisible = 0;
			defaultConfigurationName = Release;
		};
		2608D517225528E000D43E28 /* Build configuration list for PBXNativeTarget "githubproject" */ = {
			isa = XCConfigurationList;
			buildConfigurations = (
				2608D518225528E000D43E28 /* Debug */,
				2608D519225528E000D43E28 /* Release */,
			);
			defaultConfigurationIsVisible = 0;
			defaultConfigurationName = Release;
		};
		2608D51A225528E000D43E28 /* Build configuration list for PBXNativeTarget "githubprojectTests" */ = {
			isa = XCConfigurationList;
			buildConfigurations = (
				2608D51B225528E000D43E28 /* Debug */,
				2608D51C225528E000D43E28 /* Release */,
			);
			defaultConfigurationIsVisible = 0;
			defaultConfigurationName = Release;
		};
		2608D51D225528E000D43E28 /* Build configuration list for PBXNativeTarget "githubprojectUITests" */ = {
			isa = XCConfigurationList;
			buildConfigurations = (
				2608D51E225528E000D43E28 /* Debug */,
				2608D51F225528E000D43E28 /* Release */,
			);
			defaultConfigurationIsVisible = 0;
			defaultConfigurationName = Release;
		};
/* End XCConfigurationList section */
	};
	rootObject = 2608D4E7225528DF00D43E28 /* Project object */;
}
